
Microsoft Visual Studio Solution File, Format Version 12.00
# Visual Studio 15
Project("{FAE04EC0-301F-11D3-BF4B-00C04F79EFBC}") = "Assembly-CSharp", "Assembly-CSharp.csproj", "{67ED5818-CF06-CC49-2DC5-EFF3B02526FA}"
EndProject
Project("{FAE04EC0-301F-11D3-BF4B-00C04F79EFBC}") = "Assembly-CSharp-firstpass", "Assembly-CSharp-firstpass.csproj", "{30163AB1-09AB-0BF6-203C-1CA0BD24C46B}"
EndProject
Project("{FAE04EC0-301F-11D3-BF4B-00C04F79EFBC}") = "Assembly-CSharp-Editor", "Assembly-CSharp-Editor.csproj", "{7F6DB6FD-1E10-21A2-A7CB-E1AA27183CF5}"
EndProject
Global
	GlobalSection(SolutionConfigurationPlatforms) = preSolution
		Debug|Any CPU = Debug|Any CPU
		Release|Any CPU = Release|Any CPU
	EndGlobalSection
	GlobalSection(ProjectConfigurationPlatforms) = postSolution
		{67ED5818-CF06-CC49-2DC5-EFF3B02526FA}.Debug|Any CPU.ActiveCfg = Debug|Any CPU
		{67ED5818-CF06-CC49-2DC5-EFF3B02526FA}.Debug|Any CPU.Build.0 = Debug|Any CPU
		{67ED5818-CF06-CC49-2DC5-EFF3B02526FA}.Release|Any CPU.ActiveCfg = Release|Any CPU
		{67ED5818-CF06-CC49-2DC5-EFF3B02526FA}.Release|Any CPU.Build.0 = Release|Any CPU
		{30163AB1-09AB-0BF6-203C-1CA0BD24C46B}.Debug|Any CPU.ActiveCfg = Debug|Any CPU
		{30163AB1-09AB-0BF6-203C-1CA0BD24C46B}.Debug|Any CPU.Build.0 = Debug|Any CPU
		{30163AB1-09AB-0BF6-203C-1CA0BD24C46B}.Release|Any CPU.ActiveCfg = Release|Any CPU
		{30163AB1-09AB-0BF6-203C-1CA0BD24C46B}.Release|Any CPU.Build.0 = Release|Any CPU
		{7F6DB6FD-1E10-21A2-A7CB-E1AA27183CF5}.Debug|Any CPU.ActiveCfg = Debug|Any CPU
		{7F6DB6FD-1E10-21A2-A7CB-E1AA27183CF5}.Debug|Any CPU.Build.0 = Debug|Any CPU
		{7F6DB6FD-1E10-21A2-A7CB-E1AA27183CF5}.Release|Any CPU.ActiveCfg = Release|Any CPU
		{7F6DB6FD-1E10-21A2-A7CB-E1AA27183CF5}.Release|Any CPU.Build.0 = Release|Any CPU
	EndGlobalSection
	GlobalSection(SolutionProperties) = preSolution
		HideSolutionNode = FALSE
	EndGlobalSection
EndGlobal
